// !$*UTF8*$!
{
	archiveVersion = 1;
	classes = {
	};
	objectVersion = 56;
	objects = {

/* Begin PBXBuildFile section */
		F02A424D2A9B4B70001ABC08 /* TripCard.swift in Sources */ = {isa = PBXBuildFile; fileRef = F02A424C2A9B4B70001ABC08 /* TripCard.swift */; };
		F02A424F2A9B4BDE001ABC08 /* Home.swift in Sources */ = {isa = PBXBuildFile; fileRef = F02A424E2A9B4BDE001ABC08 /* Home.swift */; };
		F0511B432A695A2E00FF3391 /* NavigationMenu.swift in Sources */ = {isa = PBXBuildFile; fileRef = F0511B422A695A2E00FF3391 /* NavigationMenu.swift */; };
		F0511B452A696CB700FF3391 /* SwipeMenu.swift in Sources */ = {isa = PBXBuildFile; fileRef = F0511B442A696CB700FF3391 /* SwipeMenu.swift */; };
		F0511B4A2A69701200FF3391 /* MultilineTextfield.swift in Sources */ = {isa = PBXBuildFile; fileRef = F0511B492A69701200FF3391 /* MultilineTextfield.swift */; };
		F0661DD12A640096001EF295 /* VideoPlayer.swift in Sources */ = {isa = PBXBuildFile; fileRef = F0661DD02A640096001EF295 /* VideoPlayer.swift */; };
		F0661DD42A640217001EF295 /* MyViewController.swift in Sources */ = {isa = PBXBuildFile; fileRef = F0661DD32A640217001EF295 /* MyViewController.swift */; };
		F0661DD72A64030B001EF295 /* MyView.swift in Sources */ = {isa = PBXBuildFile; fileRef = F0661DD62A64030B001EF295 /* MyView.swift */; };
		F0661DD92A64049F001EF295 /* SwiftNoti.swift in Sources */ = {isa = PBXBuildFile; fileRef = F0661DD82A64049F001EF295 /* SwiftNoti.swift */; };
		F0661DDC2A6406D7001EF295 /* CurvedTabbar.swift in Sources */ = {isa = PBXBuildFile; fileRef = F0661DDB2A6406D7001EF295 /* CurvedTabbar.swift */; };
		F0661DDF2A640C61001EF295 /* SB.storyboard in Resources */ = {isa = PBXBuildFile; fileRef = F0661DDE2A640C61001EF295 /* SB.storyboard */; };
		F0661DE12A640CAE001EF295 /* SBUI.swift in Sources */ = {isa = PBXBuildFile; fileRef = F0661DE02A640CAE001EF295 /* SBUI.swift */; };
		F0661DE32A6565B3001EF295 /* BadgeButton.swift in Sources */ = {isa = PBXBuildFile; fileRef = F0661DE22A6565B3001EF295 /* BadgeButton.swift */; };
		F0661DE72A6568AE001EF295 /* DropDownMenu.swift in Sources */ = {isa = PBXBuildFile; fileRef = F0661DE62A6568AE001EF295 /* DropDownMenu.swift */; };
		F0661DE92A6570BC001EF295 /* CustomAlert.swift in Sources */ = {isa = PBXBuildFile; fileRef = F0661DE82A6570BC001EF295 /* CustomAlert.swift */; };
		F07236E62A5ED73600EED246 /* TopBar.swift in Sources */ = {isa = PBXBuildFile; fileRef = F07236E52A5ED73600EED246 /* TopBar.swift */; };
		F07236E92A5ED89800EED246 /* SearchBar.swift in Sources */ = {isa = PBXBuildFile; fileRef = F07236E82A5ED89800EED246 /* SearchBar.swift */; };
		F07236EC2A5EDB3E00EED246 /* ContextMenu.swift in Sources */ = {isa = PBXBuildFile; fileRef = F07236EB2A5EDB3E00EED246 /* ContextMenu.swift */; };
		F07236EF2A5EDC2C00EED246 /* ImagePicker.swift in Sources */ = {isa = PBXBuildFile; fileRef = F07236EE2A5EDC2C00EED246 /* ImagePicker.swift */; };
		F08256E72A8E417C00BA1DB3 /* ActionSheet.swift in Sources */ = {isa = PBXBuildFile; fileRef = F08256E62A8E417C00BA1DB3 /* ActionSheet.swift */; };
		F096977D2A5D770400C7774F /* SwiftUIExampleApp.swift in Sources */ = {isa = PBXBuildFile; fileRef = F096977C2A5D770400C7774F /* SwiftUIExampleApp.swift */; };
		F096977F2A5D770400C7774F /* ContentView.swift in Sources */ = {isa = PBXBuildFile; fileRef = F096977E2A5D770400C7774F /* ContentView.swift */; };
		F09697812A5D770600C7774F /* Assets.xcassets in Resources */ = {isa = PBXBuildFile; fileRef = F09697802A5D770600C7774F /* Assets.xcassets */; };
		F09697842A5D770600C7774F /* Preview Assets.xcassets in Resources */ = {isa = PBXBuildFile; fileRef = F09697832A5D770600C7774F /* Preview Assets.xcassets */; };
		F096978E2A5D770600C7774F /* SwiftUIExampleTests.swift in Sources */ = {isa = PBXBuildFile; fileRef = F096978D2A5D770600C7774F /* SwiftUIExampleTests.swift */; };
		F09697982A5D770600C7774F /* SwiftUIExampleUITests.swift in Sources */ = {isa = PBXBuildFile; fileRef = F09697972A5D770600C7774F /* SwiftUIExampleUITests.swift */; };
		F096979A2A5D770600C7774F /* SwiftUIExampleUITestsLaunchTests.swift in Sources */ = {isa = PBXBuildFile; fileRef = F09697992A5D770600C7774F /* SwiftUIExampleUITestsLaunchTests.swift */; };
		F09697A72A5D7B4500C7774F /* Grid.swift in Sources */ = {isa = PBXBuildFile; fileRef = F09697A62A5D7B4500C7774F /* Grid.swift */; };
		F09697AC2A5D7C5A00C7774F /* SDWebImageSwiftUI in Frameworks */ = {isa = PBXBuildFile; productRef = F09697AB2A5D7C5A00C7774F /* SDWebImageSwiftUI */; };
		F09697AE2A5D7C8800C7774F /* Datas.swift in Sources */ = {isa = PBXBuildFile; fileRef = F09697AD2A5D7C8800C7774F /* Datas.swift */; };
		F09697B02A5D7E2C00C7774F /* ListRow.swift in Sources */ = {isa = PBXBuildFile; fileRef = F09697AF2A5D7E2C00C7774F /* ListRow.swift */; };
		F09697B22A5D801A00C7774F /* JSONParsingList.swift in Sources */ = {isa = PBXBuildFile; fileRef = F09697B12A5D801A00C7774F /* JSONParsingList.swift */; };
		F09697B52A5D806900C7774F /* Page1.swift in Sources */ = {isa = PBXBuildFile; fileRef = F09697B42A5D806900C7774F /* Page1.swift */; };
		F09697B72A5D808E00C7774F /* Page2.swift in Sources */ = {isa = PBXBuildFile; fileRef = F09697B62A5D808E00C7774F /* Page2.swift */; };
		F09697B92A5D80AA00C7774F /* TabbedView.swift in Sources */ = {isa = PBXBuildFile; fileRef = F09697B82A5D80AA00C7774F /* TabbedView.swift */; };
		F09697BB2A5D870F00C7774F /* EdgeBorder.swift in Sources */ = {isa = PBXBuildFile; fileRef = F09697BA2A5D870F00C7774F /* EdgeBorder.swift */; };
		F0C987EE2A9B64F80023F22C /* WidgetKit.framework in Frameworks */ = {isa = PBXBuildFile; fileRef = F0FEB2802A9B620C00247C97 /* WidgetKit.framework */; };
		F0C987EF2A9B64F90023F22C /* SwiftUI.framework in Frameworks */ = {isa = PBXBuildFile; fileRef = F0FEB2822A9B620C00247C97 /* SwiftUI.framework */; };
		F0C987F22A9B64F90023F22C /* EWidgetBundle.swift in Sources */ = {isa = PBXBuildFile; fileRef = F0C987F12A9B64F90023F22C /* EWidgetBundle.swift */; };
		F0C987F42A9B64F90023F22C /* EWidget.swift in Sources */ = {isa = PBXBuildFile; fileRef = F0C987F32A9B64F90023F22C /* EWidget.swift */; };
		F0C987F62A9B64FA0023F22C /* Assets.xcassets in Resources */ = {isa = PBXBuildFile; fileRef = F0C987F52A9B64FA0023F22C /* Assets.xcassets */; };
		F0C987FA2A9B64FA0023F22C /* EWidgetExtension.appex in Embed Foundation Extensions */ = {isa = PBXBuildFile; fileRef = F0C987ED2A9B64F80023F22C /* EWidgetExtension.appex */; settings = {ATTRIBUTES = (RemoveHeadersOnCopy, ); }; };
		F0C988002A9E15D90023F22C /* ChartsView.swift in Sources */ = {isa = PBXBuildFile; fileRef = F0C987FF2A9E15D90023F22C /* ChartsView.swift */; };
		F0C988032A9E1A9D0023F22C /* Album.swift in Sources */ = {isa = PBXBuildFile; fileRef = F0C988022A9E1A9D0023F22C /* Album.swift */; };
		F0C988052A9E1AB50023F22C /* AlbumHome.swift in Sources */ = {isa = PBXBuildFile; fileRef = F0C988042A9E1AB50023F22C /* AlbumHome.swift */; };
		F0C988072A9E23900023F22C /* CustomCorner.swift in Sources */ = {isa = PBXBuildFile; fileRef = F0C988062A9E23900023F22C /* CustomCorner.swift */; };
		F0DE94452A7934E7000247AF /* Card.swift in Sources */ = {isa = PBXBuildFile; fileRef = F0DE94442A7934E7000247AF /* Card.swift */; };
		F0DE94472A79353B000247AF /* Carousel.swift in Sources */ = {isa = PBXBuildFile; fileRef = F0DE94462A79353B000247AF /* Carousel.swift */; };
		F0E1C5CC2AA8A882005B7675 /* PhotoPickerHome.swift in Sources */ = {isa = PBXBuildFile; fileRef = F0E1C5CB2AA8A882005B7675 /* PhotoPickerHome.swift */; };
		F0E1C5CE2AA8A88D005B7675 /* PhotosPickerModel.swift in Sources */ = {isa = PBXBuildFile; fileRef = F0E1C5CD2AA8A88D005B7675 /* PhotosPickerModel.swift */; };
		F0E1C5D02AA8AA8D005B7675 /* MediaFile.swift in Sources */ = {isa = PBXBuildFile; fileRef = F0E1C5CF2AA8AA8D005B7675 /* MediaFile.swift */; };
/* End PBXBuildFile section */

/* Begin PBXContainerItemProxy section */
		F096978A2A5D770600C7774F /* PBXContainerItemProxy */ = {
			isa = PBXContainerItemProxy;
			containerPortal = F09697712A5D770400C7774F /* Project object */;
			proxyType = 1;
			remoteGlobalIDString = F09697782A5D770400C7774F;
			remoteInfo = SwiftUIExample;
		};
		F09697942A5D770600C7774F /* PBXContainerItemProxy */ = {
			isa = PBXContainerItemProxy;
			containerPortal = F09697712A5D770400C7774F /* Project object */;
			proxyType = 1;
			remoteGlobalIDString = F09697782A5D770400C7774F;
			remoteInfo = SwiftUIExample;
		};
		F0C987F82A9B64FA0023F22C /* PBXContainerItemProxy */ = {
			isa = PBXContainerItemProxy;
			containerPortal = F09697712A5D770400C7774F /* Project object */;
			proxyType = 1;
			remoteGlobalIDString = F0C987EC2A9B64F80023F22C;
			remoteInfo = EWidgetExtension;
		};
/* End PBXContainerItemProxy section */

/* Begin PBXCopyFilesBuildPhase section */
		F0C987D32A9B64040023F22C /* Embed Foundation Extensions */ = {
			isa = PBXCopyFilesBuildPhase;
			buildActionMask = 2147483647;
			dstPath = "";
			dstSubfolderSpec = 13;
			files = (
				F0C987FA2A9B64FA0023F22C /* EWidgetExtension.appex in Embed Foundation Extensions */,
			);
			name = "Embed Foundation Extensions";
			runOnlyForDeploymentPostprocessing = 0;
		};
/* End PBXCopyFilesBuildPhase section */

/* Begin PBXFileReference section */
		F02A424C2A9B4B70001ABC08 /* TripCard.swift */ = {isa = PBXFileReference; lastKnownFileType = sourcecode.swift; path = TripCard.swift; sourceTree = "<group>"; };
		F02A424E2A9B4BDE001ABC08 /* Home.swift */ = {isa = PBXFileReference; lastKnownFileType = sourcecode.swift; path = Home.swift; sourceTree = "<group>"; };
		F0511B422A695A2E00FF3391 /* NavigationMenu.swift */ = {isa = PBXFileReference; lastKnownFileType = sourcecode.swift; path = NavigationMenu.swift; sourceTree = "<group>"; };
		F0511B442A696CB700FF3391 /* SwipeMenu.swift */ = {isa = PBXFileReference; lastKnownFileType = sourcecode.swift; path = SwipeMenu.swift; sourceTree = "<group>"; };
		F0511B492A69701200FF3391 /* MultilineTextfield.swift */ = {isa = PBXFileReference; lastKnownFileType = sourcecode.swift; path = MultilineTextfield.swift; sourceTree = "<group>"; };
		F0661DD02A640096001EF295 /* VideoPlayer.swift */ = {isa = PBXFileReference; lastKnownFileType = sourcecode.swift; path = VideoPlayer.swift; sourceTree = "<group>"; };
		F0661DD32A640217001EF295 /* MyViewController.swift */ = {isa = PBXFileReference; lastKnownFileType = sourcecode.swift; path = MyViewController.swift; sourceTree = "<group>"; };
		F0661DD62A64030B001EF295 /* MyView.swift */ = {isa = PBXFileReference; lastKnownFileType = sourcecode.swift; path = MyView.swift; sourceTree = "<group>"; };
		F0661DD82A64049F001EF295 /* SwiftNoti.swift */ = {isa = PBXFileReference; lastKnownFileType = sourcecode.swift; path = SwiftNoti.swift; sourceTree = "<group>"; };
		F0661DDB2A6406D7001EF295 /* CurvedTabbar.swift */ = {isa = PBXFileReference; lastKnownFileType = sourcecode.swift; path = CurvedTabbar.swift; sourceTree = "<group>"; };
		F0661DDE2A640C61001EF295 /* SB.storyboard */ = {isa = PBXFileReference; lastKnownFileType = file.storyboard; path = SB.storyboard; sourceTree = "<group>"; };
		F0661DE02A640CAE001EF295 /* SBUI.swift */ = {isa = PBXFileReference; lastKnownFileType = sourcecode.swift; path = SBUI.swift; sourceTree = "<group>"; };
		F0661DE22A6565B3001EF295 /* BadgeButton.swift */ = {isa = PBXFileReference; lastKnownFileType = sourcecode.swift; path = BadgeButton.swift; sourceTree = "<group>"; };
		F0661DE62A6568AE001EF295 /* DropDownMenu.swift */ = {isa = PBXFileReference; lastKnownFileType = sourcecode.swift; path = DropDownMenu.swift; sourceTree = "<group>"; };
		F0661DE82A6570BC001EF295 /* CustomAlert.swift */ = {isa = PBXFileReference; lastKnownFileType = sourcecode.swift; path = CustomAlert.swift; sourceTree = "<group>"; };
		F07236E52A5ED73600EED246 /* TopBar.swift */ = {isa = PBXFileReference; lastKnownFileType = sourcecode.swift; path = TopBar.swift; sourceTree = "<group>"; };
		F07236E82A5ED89800EED246 /* SearchBar.swift */ = {isa = PBXFileReference; lastKnownFileType = sourcecode.swift; path = SearchBar.swift; sourceTree = "<group>"; };
		F07236EB2A5EDB3E00EED246 /* ContextMenu.swift */ = {isa = PBXFileReference; lastKnownFileType = sourcecode.swift; path = ContextMenu.swift; sourceTree = "<group>"; };
		F07236EE2A5EDC2C00EED246 /* ImagePicker.swift */ = {isa = PBXFileReference; lastKnownFileType = sourcecode.swift; path = ImagePicker.swift; sourceTree = "<group>"; };
		F08256E62A8E417C00BA1DB3 /* ActionSheet.swift */ = {isa = PBXFileReference; lastKnownFileType = sourcecode.swift; path = ActionSheet.swift; sourceTree = "<group>"; };
		F09697792A5D770400C7774F /* SwiftUIExample.app */ = {isa = PBXFileReference; explicitFileType = wrapper.application; includeInIndex = 0; path = SwiftUIExample.app; sourceTree = BUILT_PRODUCTS_DIR; };
		F096977C2A5D770400C7774F /* SwiftUIExampleApp.swift */ = {isa = PBXFileReference; lastKnownFileType = sourcecode.swift; path = SwiftUIExampleApp.swift; sourceTree = "<group>"; };
		F096977E2A5D770400C7774F /* ContentView.swift */ = {isa = PBXFileReference; lastKnownFileType = sourcecode.swift; path = ContentView.swift; sourceTree = "<group>"; };
		F09697802A5D770600C7774F /* Assets.xcassets */ = {isa = PBXFileReference; lastKnownFileType = folder.assetcatalog; path = Assets.xcassets; sourceTree = "<group>"; };
		F09697832A5D770600C7774F /* Preview Assets.xcassets */ = {isa = PBXFileReference; lastKnownFileType = folder.assetcatalog; path = "Preview Assets.xcassets"; sourceTree = "<group>"; };
		F09697892A5D770600C7774F /* SwiftUIExampleTests.xctest */ = {isa = PBXFileReference; explicitFileType = wrapper.cfbundle; includeInIndex = 0; path = SwiftUIExampleTests.xctest; sourceTree = BUILT_PRODUCTS_DIR; };
		F096978D2A5D770600C7774F /* SwiftUIExampleTests.swift */ = {isa = PBXFileReference; lastKnownFileType = sourcecode.swift; path = SwiftUIExampleTests.swift; sourceTree = "<group>"; };
		F09697932A5D770600C7774F /* SwiftUIExampleUITests.xctest */ = {isa = PBXFileReference; explicitFileType = wrapper.cfbundle; includeInIndex = 0; path = SwiftUIExampleUITests.xctest; sourceTree = BUILT_PRODUCTS_DIR; };
		F09697972A5D770600C7774F /* SwiftUIExampleUITests.swift */ = {isa = PBXFileReference; lastKnownFileType = sourcecode.swift; path = SwiftUIExampleUITests.swift; sourceTree = "<group>"; };
		F09697992A5D770600C7774F /* SwiftUIExampleUITestsLaunchTests.swift */ = {isa = PBXFileReference; lastKnownFileType = sourcecode.swift; path = SwiftUIExampleUITestsLaunchTests.swift; sourceTree = "<group>"; };
		F09697A62A5D7B4500C7774F /* Grid.swift */ = {isa = PBXFileReference; lastKnownFileType = sourcecode.swift; path = Grid.swift; sourceTree = "<group>"; };
		F09697AD2A5D7C8800C7774F /* Datas.swift */ = {isa = PBXFileReference; lastKnownFileType = sourcecode.swift; path = Datas.swift; sourceTree = "<group>"; };
		F09697AF2A5D7E2C00C7774F /* ListRow.swift */ = {isa = PBXFileReference; lastKnownFileType = sourcecode.swift; path = ListRow.swift; sourceTree = "<group>"; };
		F09697B12A5D801A00C7774F /* JSONParsingList.swift */ = {isa = PBXFileReference; lastKnownFileType = sourcecode.swift; path = JSONParsingList.swift; sourceTree = "<group>"; };
		F09697B42A5D806900C7774F /* Page1.swift */ = {isa = PBXFileReference; lastKnownFileType = sourcecode.swift; path = Page1.swift; sourceTree = "<group>"; };
		F09697B62A5D808E00C7774F /* Page2.swift */ = {isa = PBXFileReference; lastKnownFileType = sourcecode.swift; path = Page2.swift; sourceTree = "<group>"; };
		F09697B82A5D80AA00C7774F /* TabbedView.swift */ = {isa = PBXFileReference; lastKnownFileType = sourcecode.swift; path = TabbedView.swift; sourceTree = "<group>"; };
		F09697BA2A5D870F00C7774F /* EdgeBorder.swift */ = {isa = PBXFileReference; lastKnownFileType = sourcecode.swift; path = EdgeBorder.swift; sourceTree = "<group>"; };
		F0C987ED2A9B64F80023F22C /* EWidgetExtension.appex */ = {isa = PBXFileReference; explicitFileType = "wrapper.app-extension"; includeInIndex = 0; path = EWidgetExtension.appex; sourceTree = BUILT_PRODUCTS_DIR; };
		F0C987F12A9B64F90023F22C /* EWidgetBundle.swift */ = {isa = PBXFileReference; lastKnownFileType = sourcecode.swift; path = EWidgetBundle.swift; sourceTree = "<group>"; };
		F0C987F32A9B64F90023F22C /* EWidget.swift */ = {isa = PBXFileReference; lastKnownFileType = sourcecode.swift; path = EWidget.swift; sourceTree = "<group>"; };
		F0C987F52A9B64FA0023F22C /* Assets.xcassets */ = {isa = PBXFileReference; lastKnownFileType = folder.assetcatalog; path = Assets.xcassets; sourceTree = "<group>"; };
		F0C987F72A9B64FA0023F22C /* Info.plist */ = {isa = PBXFileReference; lastKnownFileType = text.plist.xml; path = Info.plist; sourceTree = "<group>"; };
		F0C987FF2A9E15D90023F22C /* ChartsView.swift */ = {isa = PBXFileReference; lastKnownFileType = sourcecode.swift; path = ChartsView.swift; sourceTree = "<group>"; };
		F0C988022A9E1A9D0023F22C /* Album.swift */ = {isa = PBXFileReference; lastKnownFileType = sourcecode.swift; path = Album.swift; sourceTree = "<group>"; };
		F0C988042A9E1AB50023F22C /* AlbumHome.swift */ = {isa = PBXFileReference; lastKnownFileType = sourcecode.swift; path = AlbumHome.swift; sourceTree = "<group>"; };
		F0C988062A9E23900023F22C /* CustomCorner.swift */ = {isa = PBXFileReference; lastKnownFileType = sourcecode.swift; path = CustomCorner.swift; sourceTree = "<group>"; };
		F0DE94442A7934E7000247AF /* Card.swift */ = {isa = PBXFileReference; lastKnownFileType = sourcecode.swift; path = Card.swift; sourceTree = "<group>"; };
		F0DE94462A79353B000247AF /* Carousel.swift */ = {isa = PBXFileReference; lastKnownFileType = sourcecode.swift; path = Carousel.swift; sourceTree = "<group>"; };
		F0E1C5CB2AA8A882005B7675 /* PhotoPickerHome.swift */ = {isa = PBXFileReference; lastKnownFileType = sourcecode.swift; path = PhotoPickerHome.swift; sourceTree = "<group>"; };
		F0E1C5CD2AA8A88D005B7675 /* PhotosPickerModel.swift */ = {isa = PBXFileReference; lastKnownFileType = sourcecode.swift; path = PhotosPickerModel.swift; sourceTree = "<group>"; };
		F0E1C5CF2AA8AA8D005B7675 /* MediaFile.swift */ = {isa = PBXFileReference; lastKnownFileType = sourcecode.swift; path = MediaFile.swift; sourceTree = "<group>"; };
		F0E1C5D12AA8ACC9005B7675 /* README.md */ = {isa = PBXFileReference; lastKnownFileType = net.daringfireball.markdown; path = README.md; sourceTree = "<group>"; };
		F0FEB2802A9B620C00247C97 /* WidgetKit.framework */ = {isa = PBXFileReference; lastKnownFileType = wrapper.framework; name = WidgetKit.framework; path = System/Library/Frameworks/WidgetKit.framework; sourceTree = SDKROOT; };
		F0FEB2822A9B620C00247C97 /* SwiftUI.framework */ = {isa = PBXFileReference; lastKnownFileType = wrapper.framework; name = SwiftUI.framework; path = System/Library/Frameworks/SwiftUI.framework; sourceTree = SDKROOT; };
/* End PBXFileReference section */

/* Begin PBXFrameworksBuildPhase section */
		F09697762A5D770400C7774F /* Frameworks */ = {
			isa = PBXFrameworksBuildPhase;
			buildActionMask = 2147483647;
			files = (
				F09697AC2A5D7C5A00C7774F /* SDWebImageSwiftUI in Frameworks */,
			);
			runOnlyForDeploymentPostprocessing = 0;
		};
		F09697862A5D770600C7774F /* Frameworks */ = {
			isa = PBXFrameworksBuildPhase;
			buildActionMask = 2147483647;
			files = (
			);
			runOnlyForDeploymentPostprocessing = 0;
		};
		F09697902A5D770600C7774F /* Frameworks */ = {
			isa = PBXFrameworksBuildPhase;
			buildActionMask = 2147483647;
			files = (
			);
			runOnlyForDeploymentPostprocessing = 0;
		};
		F0C987EA2A9B64F80023F22C /* Frameworks */ = {
			isa = PBXFrameworksBuildPhase;
			buildActionMask = 2147483647;
			files = (
				F0C987EF2A9B64F90023F22C /* SwiftUI.framework in Frameworks */,
				F0C987EE2A9B64F80023F22C /* WidgetKit.framework in Frameworks */,
			);
			runOnlyForDeploymentPostprocessing = 0;
		};
/* End PBXFrameworksBuildPhase section */

/* Begin PBXGroup section */
		F02A424B2A9B4B46001ABC08 /* CarouselScroll */ = {
			isa = PBXGroup;
			children = (
				F02A424C2A9B4B70001ABC08 /* TripCard.swift */,
				F02A424E2A9B4BDE001ABC08 /* Home.swift */,
			);
			path = CarouselScroll;
			sourceTree = "<group>";
		};
		F0511B462A696FAD00FF3391 /* SwipeMenu */ = {
			isa = PBXGroup;
			children = (
				F0511B442A696CB700FF3391 /* SwipeMenu.swift */,
			);
			path = SwipeMenu;
			sourceTree = "<group>";
		};
		F0511B472A696FCB00FF3391 /* NavigationMenu */ = {
			isa = PBXGroup;
			children = (
				F0511B422A695A2E00FF3391 /* NavigationMenu.swift */,
			);
			path = NavigationMenu;
			sourceTree = "<group>";
		};
		F0511B482A696FEF00FF3391 /* AutoResizingTextfield */ = {
			isa = PBXGroup;
			children = (
				F0511B492A69701200FF3391 /* MultilineTextfield.swift */,
			);
			path = AutoResizingTextfield;
			sourceTree = "<group>";
		};
		F0661DD22A6401F3001EF295 /* VideoPlayer */ = {
			isa = PBXGroup;
			children = (
				F0661DD02A640096001EF295 /* VideoPlayer.swift */,
			);
			path = VideoPlayer;
			sourceTree = "<group>";
		};
		F0661DD52A6402F2001EF295 /* ViewController */ = {
			isa = PBXGroup;
			children = (
				F0661DD32A640217001EF295 /* MyViewController.swift */,
				F0661DD62A64030B001EF295 /* MyView.swift */,
			);
			path = ViewController;
			sourceTree = "<group>";
		};
		F0661DDA2A6406CB001EF295 /* CustomTabbar */ = {
			isa = PBXGroup;
			children = (
				F0661DDB2A6406D7001EF295 /* CurvedTabbar.swift */,
			);
			path = CustomTabbar;
			sourceTree = "<group>";
		};
		F0661DDD2A640C42001EF295 /* StoryBoard */ = {
			isa = PBXGroup;
			children = (
				F0661DDE2A640C61001EF295 /* SB.storyboard */,
				F0661DE02A640CAE001EF295 /* SBUI.swift */,
			);
			path = StoryBoard;
			sourceTree = "<group>";
		};
		F0661DE42A65688B001EF295 /* BadgeButton */ = {
			isa = PBXGroup;
			children = (
				F0661DE22A6565B3001EF295 /* BadgeButton.swift */,
			);
			path = BadgeButton;
			sourceTree = "<group>";
		};
		F0661DE52A656896001EF295 /* DropDownMenu */ = {
			isa = PBXGroup;
			children = (
				F0661DE62A6568AE001EF295 /* DropDownMenu.swift */,
			);
			path = DropDownMenu;
			sourceTree = "<group>";
		};
		F07236E42A5ED6D600EED246 /* TopBar */ = {
			isa = PBXGroup;
			children = (
				F07236E52A5ED73600EED246 /* TopBar.swift */,
			);
			path = TopBar;
			sourceTree = "<group>";
		};
		F07236E72A5ED88E00EED246 /* SearchBar */ = {
			isa = PBXGroup;
			children = (
				F07236E82A5ED89800EED246 /* SearchBar.swift */,
			);
			path = SearchBar;
			sourceTree = "<group>";
		};
		F07236EA2A5EDB3400EED246 /* ContextMenu */ = {
			isa = PBXGroup;
			children = (
				F07236EB2A5EDB3E00EED246 /* ContextMenu.swift */,
			);
			path = ContextMenu;
			sourceTree = "<group>";
		};
		F07236ED2A5EDC1E00EED246 /* ImagePicker */ = {
			isa = PBXGroup;
			children = (
				F07236EE2A5EDC2C00EED246 /* ImagePicker.swift */,
			);
			path = ImagePicker;
			sourceTree = "<group>";
		};
		F08256E52A8E416C00BA1DB3 /* ActionSheet */ = {
			isa = PBXGroup;
			children = (
				F08256E62A8E417C00BA1DB3 /* ActionSheet.swift */,
			);
			path = ActionSheet;
			sourceTree = "<group>";
		};
		F09697702A5D770400C7774F = {
			isa = PBXGroup;
			children = (
				F096977B2A5D770400C7774F /* SwiftUIExample */,
				F096978C2A5D770600C7774F /* SwiftUIExampleTests */,
				F09697962A5D770600C7774F /* SwiftUIExampleUITests */,
				F0C987F02A9B64F90023F22C /* EWidget */,
				F0FEB27F2A9B620C00247C97 /* Frameworks */,
				F096977A2A5D770400C7774F /* Products */,
			);
			sourceTree = "<group>";
		};
		F096977A2A5D770400C7774F /* Products */ = {
			isa = PBXGroup;
			children = (
				F09697792A5D770400C7774F /* SwiftUIExample.app */,
				F09697892A5D770600C7774F /* SwiftUIExampleTests.xctest */,
				F09697932A5D770600C7774F /* SwiftUIExampleUITests.xctest */,
				F0C987ED2A9B64F80023F22C /* EWidgetExtension.appex */,
			);
			name = Products;
			sourceTree = "<group>";
		};
		F096977B2A5D770400C7774F /* SwiftUIExample */ = {
			isa = PBXGroup;
			children = (
				F0E1C5CA2AA8A877005B7675 /* PhotoPicker */,
				F0C988012A9E1A680023F22C /* AnimationChallenge */,
				F0C987FE2A9E15C90023F22C /* Charts */,
				F02A424B2A9B4B46001ABC08 /* CarouselScroll */,
				F08256E52A8E416C00BA1DB3 /* ActionSheet */,
				F0511B482A696FEF00FF3391 /* AutoResizingTextfield */,
				F0511B472A696FCB00FF3391 /* NavigationMenu */,
				F0511B462A696FAD00FF3391 /* SwipeMenu */,
				F0661DE52A656896001EF295 /* DropDownMenu */,
				F0661DE42A65688B001EF295 /* BadgeButton */,
				F0661DDD2A640C42001EF295 /* StoryBoard */,
				F0661DDA2A6406CB001EF295 /* CustomTabbar */,
				F0661DD52A6402F2001EF295 /* ViewController */,
				F0661DD22A6401F3001EF295 /* VideoPlayer */,
				F07236ED2A5EDC1E00EED246 /* ImagePicker */,
				F07236EA2A5EDB3400EED246 /* ContextMenu */,
				F07236E72A5ED88E00EED246 /* SearchBar */,
				F07236E42A5ED6D600EED246 /* TopBar */,
				F09697B32A5D805500C7774F /* TabbedView */,
				F09697A92A5D7BDC00C7774F /* JSON */,
				F096977C2A5D770400C7774F /* SwiftUIExampleApp.swift */,
				F096977E2A5D770400C7774F /* ContentView.swift */,
				F09697802A5D770600C7774F /* Assets.xcassets */,
				F09697822A5D770600C7774F /* Preview Content */,
				F09697A62A5D7B4500C7774F /* Grid.swift */,
				F0661DD82A64049F001EF295 /* SwiftNoti.swift */,
				F0661DE82A6570BC001EF295 /* CustomAlert.swift */,
				F0DE94442A7934E7000247AF /* Card.swift */,
				F0DE94462A79353B000247AF /* Carousel.swift */,
			);
			path = SwiftUIExample;
			sourceTree = "<group>";
		};
		F09697822A5D770600C7774F /* Preview Content */ = {
			isa = PBXGroup;
			children = (
				F09697832A5D770600C7774F /* Preview Assets.xcassets */,
			);
			path = "Preview Content";
			sourceTree = "<group>";
		};
		F096978C2A5D770600C7774F /* SwiftUIExampleTests */ = {
			isa = PBXGroup;
			children = (
				F096978D2A5D770600C7774F /* SwiftUIExampleTests.swift */,
			);
			path = SwiftUIExampleTests;
			sourceTree = "<group>";
		};
		F09697962A5D770600C7774F /* SwiftUIExampleUITests */ = {
			isa = PBXGroup;
			children = (
				F09697972A5D770600C7774F /* SwiftUIExampleUITests.swift */,
				F09697992A5D770600C7774F /* SwiftUIExampleUITestsLaunchTests.swift */,
			);
			path = SwiftUIExampleUITests;
			sourceTree = "<group>";
		};
		F09697A92A5D7BDC00C7774F /* JSON */ = {
			isa = PBXGroup;
			children = (
				F09697AD2A5D7C8800C7774F /* Datas.swift */,
				F09697AF2A5D7E2C00C7774F /* ListRow.swift */,
				F09697B12A5D801A00C7774F /* JSONParsingList.swift */,
			);
			path = JSON;
			sourceTree = "<group>";
		};
		F09697B32A5D805500C7774F /* TabbedView */ = {
			isa = PBXGroup;
			children = (
				F09697B42A5D806900C7774F /* Page1.swift */,
				F09697B62A5D808E00C7774F /* Page2.swift */,
				F09697B82A5D80AA00C7774F /* TabbedView.swift */,
				F09697BA2A5D870F00C7774F /* EdgeBorder.swift */,
			);
			path = TabbedView;
			sourceTree = "<group>";
		};
		F0C987F02A9B64F90023F22C /* EWidget */ = {
			isa = PBXGroup;
			children = (
				F0C987F12A9B64F90023F22C /* EWidgetBundle.swift */,
				F0C987F32A9B64F90023F22C /* EWidget.swift */,
				F0C987F52A9B64FA0023F22C /* Assets.xcassets */,
				F0C987F72A9B64FA0023F22C /* Info.plist */,
			);
			path = EWidget;
			sourceTree = "<group>";
		};
		F0C987FE2A9E15C90023F22C /* Charts */ = {
			isa = PBXGroup;
			children = (
				F0C987FF2A9E15D90023F22C /* ChartsView.swift */,
			);
			path = Charts;
			sourceTree = "<group>";
		};
		F0C988012A9E1A680023F22C /* AnimationChallenge */ = {
			isa = PBXGroup;
			children = (
				F0C988022A9E1A9D0023F22C /* Album.swift */,
				F0C988042A9E1AB50023F22C /* AlbumHome.swift */,
				F0C988062A9E23900023F22C /* CustomCorner.swift */,
			);
			path = AnimationChallenge;
			sourceTree = "<group>";
		};
		F0E1C5CA2AA8A877005B7675 /* PhotoPicker */ = {
			isa = PBXGroup;
			children = (
				F0E1C5CB2AA8A882005B7675 /* PhotoPickerHome.swift */,
				F0E1C5CD2AA8A88D005B7675 /* PhotosPickerModel.swift */,
				F0E1C5CF2AA8AA8D005B7675 /* MediaFile.swift */,
				F0E1C5D12AA8ACC9005B7675 /* README.md */,
			);
			path = PhotoPicker;
			sourceTree = "<group>";
		};
		F0FEB27F2A9B620C00247C97 /* Frameworks */ = {
			isa = PBXGroup;
			children = (
				F0FEB2802A9B620C00247C97 /* WidgetKit.framework */,
				F0FEB2822A9B620C00247C97 /* SwiftUI.framework */,
			);
			name = Frameworks;
			sourceTree = "<group>";
		};
/* End PBXGroup section */

/* Begin PBXNativeTarget section */
		F09697782A5D770400C7774F /* SwiftUIExample */ = {
			isa = PBXNativeTarget;
			buildConfigurationList = F096979D2A5D770600C7774F /* Build configuration list for PBXNativeTarget "SwiftUIExample" */;
			buildPhases = (
				F09697752A5D770400C7774F /* Sources */,
				F09697762A5D770400C7774F /* Frameworks */,
				F09697772A5D770400C7774F /* Resources */,
				F0C987D32A9B64040023F22C /* Embed Foundation Extensions */,
			);
			buildRules = (
			);
			dependencies = (
				F0C987F92A9B64FA0023F22C /* PBXTargetDependency */,
			);
			name = SwiftUIExample;
			packageProductDependencies = (
				F09697AB2A5D7C5A00C7774F /* SDWebImageSwiftUI */,
			);
			productName = SwiftUIExample;
			productReference = F09697792A5D770400C7774F /* SwiftUIExample.app */;
			productType = "com.apple.product-type.application";
		};
		F09697882A5D770600C7774F /* SwiftUIExampleTests */ = {
			isa = PBXNativeTarget;
			buildConfigurationList = F09697A02A5D770600C7774F /* Build configuration list for PBXNativeTarget "SwiftUIExampleTests" */;
			buildPhases = (
				F09697852A5D770600C7774F /* Sources */,
				F09697862A5D770600C7774F /* Frameworks */,
				F09697872A5D770600C7774F /* Resources */,
			);
			buildRules = (
			);
			dependencies = (
				F096978B2A5D770600C7774F /* PBXTargetDependency */,
			);
			name = SwiftUIExampleTests;
			productName = SwiftUIExampleTests;
			productReference = F09697892A5D770600C7774F /* SwiftUIExampleTests.xctest */;
			productType = "com.apple.product-type.bundle.unit-test";
		};
		F09697922A5D770600C7774F /* SwiftUIExampleUITests */ = {
			isa = PBXNativeTarget;
			buildConfigurationList = F09697A32A5D770600C7774F /* Build configuration list for PBXNativeTarget "SwiftUIExampleUITests" */;
			buildPhases = (
				F096978F2A5D770600C7774F /* Sources */,
				F09697902A5D770600C7774F /* Frameworks */,
				F09697912A5D770600C7774F /* Resources */,
			);
			buildRules = (
			);
			dependencies = (
				F09697952A5D770600C7774F /* PBXTargetDependency */,
			);
			name = SwiftUIExampleUITests;
			productName = SwiftUIExampleUITests;
			productReference = F09697932A5D770600C7774F /* SwiftUIExampleUITests.xctest */;
			productType = "com.apple.product-type.bundle.ui-testing";
		};
		F0C987EC2A9B64F80023F22C /* EWidgetExtension */ = {
			isa = PBXNativeTarget;
			buildConfigurationList = F0C987FB2A9B64FA0023F22C /* Build configuration list for PBXNativeTarget "EWidgetExtension" */;
			buildPhases = (
				F0C987E92A9B64F80023F22C /* Sources */,
				F0C987EA2A9B64F80023F22C /* Frameworks */,
				F0C987EB2A9B64F80023F22C /* Resources */,
			);
			buildRules = (
			);
			dependencies = (
			);
			name = EWidgetExtension;
			productName = EWidgetExtension;
			productReference = F0C987ED2A9B64F80023F22C /* EWidgetExtension.appex */;
			productType = "com.apple.product-type.app-extension";
		};
/* End PBXNativeTarget section */

/* Begin PBXProject section */
		F09697712A5D770400C7774F /* Project object */ = {
			isa = PBXProject;
			attributes = {
				BuildIndependentTargetsInParallel = 1;
				LastSwiftUpdateCheck = 1430;
				LastUpgradeCheck = 1430;
				TargetAttributes = {
					F09697782A5D770400C7774F = {
						CreatedOnToolsVersion = 14.3.1;
					};
					F09697882A5D770600C7774F = {
						CreatedOnToolsVersion = 14.3.1;
						TestTargetID = F09697782A5D770400C7774F;
					};
					F09697922A5D770600C7774F = {
						CreatedOnToolsVersion = 14.3.1;
						TestTargetID = F09697782A5D770400C7774F;
					};
					F0C987EC2A9B64F80023F22C = {
						CreatedOnToolsVersion = 14.3.1;
					};
				};
			};
			buildConfigurationList = F09697742A5D770400C7774F /* Build configuration list for PBXProject "SwiftUIExample" */;
			compatibilityVersion = "Xcode 14.0";
			developmentRegion = en;
			hasScannedForEncodings = 0;
			knownRegions = (
				en,
				Base,
			);
			mainGroup = F09697702A5D770400C7774F;
			packageReferences = (
				F09697AA2A5D7C5900C7774F /* XCRemoteSwiftPackageReference "SDWebImageSwiftUI" */,
			);
			productRefGroup = F096977A2A5D770400C7774F /* Products */;
			projectDirPath = "";
			projectRoot = "";
			targets = (
				F09697782A5D770400C7774F /* SwiftUIExample */,
				F09697882A5D770600C7774F /* SwiftUIExampleTests */,
				F09697922A5D770600C7774F /* SwiftUIExampleUITests */,
				F0C987EC2A9B64F80023F22C /* EWidgetExtension */,
			);
		};
/* End PBXProject section */

/* Begin PBXResourcesBuildPhase section */
		F09697772A5D770400C7774F /* Resources */ = {
			isa = PBXResourcesBuildPhase;
			buildActionMask = 2147483647;
			files = (
				F09697842A5D770600C7774F /* Preview Assets.xcassets in Resources */,
				F0661DDF2A640C61001EF295 /* SB.storyboard in Resources */,
				F09697812A5D770600C7774F /* Assets.xcassets in Resources */,
			);
			runOnlyForDeploymentPostprocessing = 0;
		};
		F09697872A5D770600C7774F /* Resources */ = {
			isa = PBXResourcesBuildPhase;
			buildActionMask = 2147483647;
			files = (
			);
			runOnlyForDeploymentPostprocessing = 0;
		};
		F09697912A5D770600C7774F /* Resources */ = {
			isa = PBXResourcesBuildPhase;
			buildActionMask = 2147483647;
			files = (
			);
			runOnlyForDeploymentPostprocessing = 0;
		};
		F0C987EB2A9B64F80023F22C /* Resources */ = {
			isa = PBXResourcesBuildPhase;
			buildActionMask = 2147483647;
			files = (
				F0C987F62A9B64FA0023F22C /* Assets.xcassets in Resources */,
			);
			runOnlyForDeploymentPostprocessing = 0;
		};
/* End PBXResourcesBuildPhase section */

/* Begin PBXSourcesBuildPhase section */
		F09697752A5D770400C7774F /* Sources */ = {
			isa = PBXSourcesBuildPhase;
			buildActionMask = 2147483647;
			files = (
				F09697B52A5D806900C7774F /* Page1.swift in Sources */,
				F02A424F2A9B4BDE001ABC08 /* Home.swift in Sources */,
				F09697B22A5D801A00C7774F /* JSONParsingList.swift in Sources */,
				F096977F2A5D770400C7774F /* ContentView.swift in Sources */,
				F0511B452A696CB700FF3391 /* SwipeMenu.swift in Sources */,
				F0E1C5CC2AA8A882005B7675 /* PhotoPickerHome.swift in Sources */,
				F0661DE92A6570BC001EF295 /* CustomAlert.swift in Sources */,
				F07236EF2A5EDC2C00EED246 /* ImagePicker.swift in Sources */,
				F096977D2A5D770400C7774F /* SwiftUIExampleApp.swift in Sources */,
				F0C988032A9E1A9D0023F22C /* Album.swift in Sources */,
				F07236E62A5ED73600EED246 /* TopBar.swift in Sources */,
				F0C988052A9E1AB50023F22C /* AlbumHome.swift in Sources */,
				F0E1C5CE2AA8A88D005B7675 /* PhotosPickerModel.swift in Sources */,
				F0C988072A9E23900023F22C /* CustomCorner.swift in Sources */,
				F0661DD72A64030B001EF295 /* MyView.swift in Sources */,
				F0661DD42A640217001EF295 /* MyViewController.swift in Sources */,
				F0C988002A9E15D90023F22C /* ChartsView.swift in Sources */,
				F0DE94452A7934E7000247AF /* Card.swift in Sources */,
				F0DE94472A79353B000247AF /* Carousel.swift in Sources */,
				F07236E92A5ED89800EED246 /* SearchBar.swift in Sources */,
				F08256E72A8E417C00BA1DB3 /* ActionSheet.swift in Sources */,
				F0661DE32A6565B3001EF295 /* BadgeButton.swift in Sources */,
				F09697BB2A5D870F00C7774F /* EdgeBorder.swift in Sources */,
				F0661DE72A6568AE001EF295 /* DropDownMenu.swift in Sources */,
				F09697B92A5D80AA00C7774F /* TabbedView.swift in Sources */,
				F09697A72A5D7B4500C7774F /* Grid.swift in Sources */,
				F0661DE12A640CAE001EF295 /* SBUI.swift in Sources */,
				F09697B72A5D808E00C7774F /* Page2.swift in Sources */,
				F0661DD12A640096001EF295 /* VideoPlayer.swift in Sources */,
				F09697AE2A5D7C8800C7774F /* Datas.swift in Sources */,
				F0E1C5D02AA8AA8D005B7675 /* MediaFile.swift in Sources */,
				F0661DDC2A6406D7001EF295 /* CurvedTabbar.swift in Sources */,
				F02A424D2A9B4B70001ABC08 /* TripCard.swift in Sources */,
				F0661DD92A64049F001EF295 /* SwiftNoti.swift in Sources */,
				F07236EC2A5EDB3E00EED246 /* ContextMenu.swift in Sources */,
				F0511B432A695A2E00FF3391 /* NavigationMenu.swift in Sources */,
				F09697B02A5D7E2C00C7774F /* ListRow.swift in Sources */,
				F0511B4A2A69701200FF3391 /* MultilineTextfield.swift in Sources */,
			);
			runOnlyForDeploymentPostprocessing = 0;
		};
		F09697852A5D770600C7774F /* Sources */ = {
			isa = PBXSourcesBuildPhase;
			buildActionMask = 2147483647;
			files = (
				F096978E2A5D770600C7774F /* SwiftUIExampleTests.swift in Sources */,
			);
			runOnlyForDeploymentPostprocessing = 0;
		};
		F096978F2A5D770600C7774F /* Sources */ = {
			isa = PBXSourcesBuildPhase;
			buildActionMask = 2147483647;
			files = (
				F09697982A5D770600C7774F /* SwiftUIExampleUITests.swift in Sources */,
				F096979A2A5D770600C7774F /* SwiftUIExampleUITestsLaunchTests.swift in Sources */,
			);
			runOnlyForDeploymentPostprocessing = 0;
		};
		F0C987E92A9B64F80023F22C /* Sources */ = {
			isa = PBXSourcesBuildPhase;
			buildActionMask = 2147483647;
			files = (
				F0C987F22A9B64F90023F22C /* EWidgetBundle.swift in Sources */,
				F0C987F42A9B64F90023F22C /* EWidget.swift in Sources */,
			);
			runOnlyForDeploymentPostprocessing = 0;
		};
/* End PBXSourcesBuildPhase section */

/* Begin PBXTargetDependency section */
		F096978B2A5D770600C7774F /* PBXTargetDependency */ = {
			isa = PBXTargetDependency;
			target = F09697782A5D770400C7774F /* SwiftUIExample */;
			targetProxy = F096978A2A5D770600C7774F /* PBXContainerItemProxy */;
		};
		F09697952A5D770600C7774F /* PBXTargetDependency */ = {
			isa = PBXTargetDependency;
			target = F09697782A5D770400C7774F /* SwiftUIExample */;
			targetProxy = F09697942A5D770600C7774F /* PBXContainerItemProxy */;
		};
		F0C987F92A9B64FA0023F22C /* PBXTargetDependency */ = {
			isa = PBXTargetDependency;
			target = F0C987EC2A9B64F80023F22C /* EWidgetExtension */;
			targetProxy = F0C987F82A9B64FA0023F22C /* PBXContainerItemProxy */;
		};
/* End PBXTargetDependency section */

/* Begin XCBuildConfiguration section */
		F096979B2A5D770600C7774F /* Debug */ = {
			isa = XCBuildConfiguration;
			buildSettings = {
				ALWAYS_SEARCH_USER_PATHS = NO;
				CLANG_ANALYZER_NONNULL = YES;
				CLANG_ANALYZER_NUMBER_OBJECT_CONVERSION = YES_AGGRESSIVE;
				CLANG_CXX_LANGUAGE_STANDARD = "gnu++20";
				CLANG_ENABLE_MODULES = YES;
				CLANG_ENABLE_OBJC_ARC = YES;
				CLANG_ENABLE_OBJC_WEAK = YES;
				CLANG_WARN_BLOCK_CAPTURE_AUTORELEASING = YES;
				CLANG_WARN_BOOL_CONVERSION = YES;
				CLANG_WARN_COMMA = YES;
				CLANG_WARN_CONSTANT_CONVERSION = YES;
				CLANG_WARN_DEPRECATED_OBJC_IMPLEMENTATIONS = YES;
				CLANG_WARN_DIRECT_OBJC_ISA_USAGE = YES_ERROR;
				CLANG_WARN_DOCUMENTATION_COMMENTS = YES;
				CLANG_WARN_EMPTY_BODY = YES;
				CLANG_WARN_ENUM_CONVERSION = YES;
				CLANG_WARN_INFINITE_RECURSION = YES;
				CLANG_WARN_INT_CONVERSION = YES;
				CLANG_WARN_NON_LITERAL_NULL_CONVERSION = YES;
				CLANG_WARN_OBJC_IMPLICIT_RETAIN_SELF = YES;
				CLANG_WARN_OBJC_LITERAL_CONVERSION = YES;
				CLANG_WARN_OBJC_ROOT_CLASS = YES_ERROR;
				CLANG_WARN_QUOTED_INCLUDE_IN_FRAMEWORK_HEADER = YES;
				CLANG_WARN_RANGE_LOOP_ANALYSIS = YES;
				CLANG_WARN_STRICT_PROTOTYPES = YES;
				CLANG_WARN_SUSPICIOUS_MOVE = YES;
				CLANG_WARN_UNGUARDED_AVAILABILITY = YES_AGGRESSIVE;
				CLANG_WARN_UNREACHABLE_CODE = YES;
				CLANG_WARN__DUPLICATE_METHOD_MATCH = YES;
				COPY_PHASE_STRIP = NO;
				DEBUG_INFORMATION_FORMAT = dwarf;
				ENABLE_STRICT_OBJC_MSGSEND = YES;
				ENABLE_TESTABILITY = YES;
				GCC_C_LANGUAGE_STANDARD = gnu11;
				GCC_DYNAMIC_NO_PIC = NO;
				GCC_NO_COMMON_BLOCKS = YES;
				GCC_OPTIMIZATION_LEVEL = 0;
				GCC_PREPROCESSOR_DEFINITIONS = (
					"DEBUG=1",
					"$(inherited)",
				);
				GCC_WARN_64_TO_32_BIT_CONVERSION = YES;
				GCC_WARN_ABOUT_RETURN_TYPE = YES_ERROR;
				GCC_WARN_UNDECLARED_SELECTOR = YES;
				GCC_WARN_UNINITIALIZED_AUTOS = YES_AGGRESSIVE;
				GCC_WARN_UNUSED_FUNCTION = YES;
				GCC_WARN_UNUSED_VARIABLE = YES;
				IPHONEOS_DEPLOYMENT_TARGET = 16.4;
				MTL_ENABLE_DEBUG_INFO = INCLUDE_SOURCE;
				MTL_FAST_MATH = YES;
				ONLY_ACTIVE_ARCH = YES;
				SDKROOT = iphoneos;
				SWIFT_ACTIVE_COMPILATION_CONDITIONS = DEBUG;
				SWIFT_OPTIMIZATION_LEVEL = "-Onone";
			};
			name = Debug;
		};
		F096979C2A5D770600C7774F /* Release */ = {
			isa = XCBuildConfiguration;
			buildSettings = {
				ALWAYS_SEARCH_USER_PATHS = NO;
				CLANG_ANALYZER_NONNULL = YES;
				CLANG_ANALYZER_NUMBER_OBJECT_CONVERSION = YES_AGGRESSIVE;
				CLANG_CXX_LANGUAGE_STANDARD = "gnu++20";
				CLANG_ENABLE_MODULES = YES;
				CLANG_ENABLE_OBJC_ARC = YES;
				CLANG_ENABLE_OBJC_WEAK = YES;
				CLANG_WARN_BLOCK_CAPTURE_AUTORELEASING = YES;
				CLANG_WARN_BOOL_CONVERSION = YES;
				CLANG_WARN_COMMA = YES;
				CLANG_WARN_CONSTANT_CONVERSION = YES;
				CLANG_WARN_DEPRECATED_OBJC_IMPLEMENTATIONS = YES;
				CLANG_WARN_DIRECT_OBJC_ISA_USAGE = YES_ERROR;
				CLANG_WARN_DOCUMENTATION_COMMENTS = YES;
				CLANG_WARN_EMPTY_BODY = YES;
				CLANG_WARN_ENUM_CONVERSION = YES;
				CLANG_WARN_INFINITE_RECURSION = YES;
				CLANG_WARN_INT_CONVERSION = YES;
				CLANG_WARN_NON_LITERAL_NULL_CONVERSION = YES;
				CLANG_WARN_OBJC_IMPLICIT_RETAIN_SELF = YES;
				CLANG_WARN_OBJC_LITERAL_CONVERSION = YES;
				CLANG_WARN_OBJC_ROOT_CLASS = YES_ERROR;
				CLANG_WARN_QUOTED_INCLUDE_IN_FRAMEWORK_HEADER = YES;
				CLANG_WARN_RANGE_LOOP_ANALYSIS = YES;
				CLANG_WARN_STRICT_PROTOTYPES = YES;
				CLANG_WARN_SUSPICIOUS_MOVE = YES;
				CLANG_WARN_UNGUARDED_AVAILABILITY = YES_AGGRESSIVE;
				CLANG_WARN_UNREACHABLE_CODE = YES;
				CLANG_WARN__DUPLICATE_METHOD_MATCH = YES;
				COPY_PHASE_STRIP = NO;
				DEBUG_INFORMATION_FORMAT = "dwarf-with-dsym";
				ENABLE_NS_ASSERTIONS = NO;
				ENABLE_STRICT_OBJC_MSGSEND = YES;
				GCC_C_LANGUAGE_STANDARD = gnu11;
				GCC_NO_COMMON_BLOCKS = YES;
				GCC_WARN_64_TO_32_BIT_CONVERSION = YES;
				GCC_WARN_ABOUT_RETURN_TYPE = YES_ERROR;
				GCC_WARN_UNDECLARED_SELECTOR = YES;
				GCC_WARN_UNINITIALIZED_AUTOS = YES_AGGRESSIVE;
				GCC_WARN_UNUSED_FUNCTION = YES;
				GCC_WARN_UNUSED_VARIABLE = YES;
				IPHONEOS_DEPLOYMENT_TARGET = 16.4;
				MTL_ENABLE_DEBUG_INFO = NO;
				MTL_FAST_MATH = YES;
				SDKROOT = iphoneos;
				SWIFT_COMPILATION_MODE = wholemodule;
				SWIFT_OPTIMIZATION_LEVEL = "-O";
				VALIDATE_PRODUCT = YES;
			};
			name = Release;
		};
		F096979E2A5D770600C7774F /* Debug */ = {
			isa = XCBuildConfiguration;
			buildSettings = {
				ALWAYS_EMBED_SWIFT_STANDARD_LIBRARIES = YES;
				ASSETCATALOG_COMPILER_APPICON_NAME = AppIcon;
				ASSETCATALOG_COMPILER_GLOBAL_ACCENT_COLOR_NAME = AccentColor;
				CODE_SIGN_STYLE = Automatic;
				CURRENT_PROJECT_VERSION = 1;
				DEVELOPMENT_ASSET_PATHS = "\"SwiftUIExample/Preview Content\"";
				DEVELOPMENT_TEAM = WBV5N68S3R;
				ENABLE_PREVIEWS = YES;
				GENERATE_INFOPLIST_FILE = YES;
				INFOPLIST_KEY_UIApplicationSceneManifest_Generation = YES;
				INFOPLIST_KEY_UIApplicationSupportsIndirectInputEvents = YES;
				INFOPLIST_KEY_UILaunchScreen_Generation = YES;
				INFOPLIST_KEY_UISupportedInterfaceOrientations_iPad = "UIInterfaceOrientationPortrait UIInterfaceOrientationPortraitUpsideDown UIInterfaceOrientationLandscapeLeft UIInterfaceOrientationLandscapeRight";
				INFOPLIST_KEY_UISupportedInterfaceOrientations_iPhone = "UIInterfaceOrientationPortrait UIInterfaceOrientationLandscapeLeft UIInterfaceOrientationLandscapeRight";
				IPHONEOS_DEPLOYMENT_TARGET = 16.0;
				LD_RUNPATH_SEARCH_PATHS = (
					"$(inherited)",
					"@executable_path/Frameworks",
				);
				MARKETING_VERSION = 1.0;
				PRODUCT_BUNDLE_IDENTIFIER = papayetoo.SwiftUIExample;
				PRODUCT_NAME = "$(TARGET_NAME)";
				SWIFT_EMIT_LOC_STRINGS = YES;
				SWIFT_VERSION = 5.0;
				TARGETED_DEVICE_FAMILY = "1,2";
			};
			name = Debug;
		};
		F096979F2A5D770600C7774F /* Release */ = {
			isa = XCBuildConfiguration;
			buildSettings = {
				ALWAYS_EMBED_SWIFT_STANDARD_LIBRARIES = YES;
				ASSETCATALOG_COMPILER_APPICON_NAME = AppIcon;
				ASSETCATALOG_COMPILER_GLOBAL_ACCENT_COLOR_NAME = AccentColor;
				CODE_SIGN_STYLE = Automatic;
				CURRENT_PROJECT_VERSION = 1;
				DEVELOPMENT_ASSET_PATHS = "\"SwiftUIExample/Preview Content\"";
				DEVELOPMENT_TEAM = WBV5N68S3R;
				ENABLE_PREVIEWS = YES;
				GENERATE_INFOPLIST_FILE = YES;
				INFOPLIST_KEY_UIApplicationSceneManifest_Generation = YES;
				INFOPLIST_KEY_UIApplicationSupportsIndirectInputEvents = YES;
				INFOPLIST_KEY_UILaunchScreen_Generation = YES;
				INFOPLIST_KEY_UISupportedInterfaceOrientations_iPad = "UIInterfaceOrientationPortrait UIInterfaceOrientationPortraitUpsideDown UIInterfaceOrientationLandscapeLeft UIInterfaceOrientationLandscapeRight";
				INFOPLIST_KEY_UISupportedInterfaceOrientations_iPhone = "UIInterfaceOrientationPortrait UIInterfaceOrientationLandscapeLeft UIInterfaceOrientationLandscapeRight";
				IPHONEOS_DEPLOYMENT_TARGET = 16.4;
				LD_RUNPATH_SEARCH_PATHS = (
					"$(inherited)",
					"@executable_path/Frameworks",
				);
				MARKETING_VERSION = 1.0;
				PRODUCT_BUNDLE_IDENTIFIER = papayetoo.SwiftUIExample;
				PRODUCT_NAME = "$(TARGET_NAME)";
				SWIFT_EMIT_LOC_STRINGS = YES;
				SWIFT_VERSION = 5.0;
				TARGETED_DEVICE_FAMILY = "1,2";
			};
			name = Release;
		};
		F09697A12A5D770600C7774F /* Debug */ = {
			isa = XCBuildConfiguration;
			buildSettings = {
				ALWAYS_EMBED_SWIFT_STANDARD_LIBRARIES = YES;
				BUNDLE_LOADER = "$(TEST_HOST)";
				CODE_SIGN_STYLE = Automatic;
				CURRENT_PROJECT_VERSION = 1;
				DEVELOPMENT_TEAM = WBV5N68S3R;
				GENERATE_INFOPLIST_FILE = YES;
				IPHONEOS_DEPLOYMENT_TARGET = 16.4;
				MARKETING_VERSION = 1.0;
				PRODUCT_BUNDLE_IDENTIFIER = papayetoo.SwiftUIExampleTests;
				PRODUCT_NAME = "$(TARGET_NAME)";
				SWIFT_EMIT_LOC_STRINGS = NO;
				SWIFT_VERSION = 5.0;
				TARGETED_DEVICE_FAMILY = "1,2";
				TEST_HOST = "$(BUILT_PRODUCTS_DIR)/SwiftUIExample.app/$(BUNDLE_EXECUTABLE_FOLDER_PATH)/SwiftUIExample";
			};
			name = Debug;
		};
		F09697A22A5D770600C7774F /* Release */ = {
			isa = XCBuildConfiguration;
			buildSettings = {
				ALWAYS_EMBED_SWIFT_STANDARD_LIBRARIES = YES;
				BUNDLE_LOADER = "$(TEST_HOST)";
				CODE_SIGN_STYLE = Automatic;
				CURRENT_PROJECT_VERSION = 1;
				DEVELOPMENT_TEAM = WBV5N68S3R;
				GENERATE_INFOPLIST_FILE = YES;
				IPHONEOS_DEPLOYMENT_TARGET = 16.4;
				MARKETING_VERSION = 1.0;
				PRODUCT_BUNDLE_IDENTIFIER = papayetoo.SwiftUIExampleTests;
				PRODUCT_NAME = "$(TARGET_NAME)";
				SWIFT_EMIT_LOC_STRINGS = NO;
				SWIFT_VERSION = 5.0;
				TARGETED_DEVICE_FAMILY = "1,2";
				TEST_HOST = "$(BUILT_PRODUCTS_DIR)/SwiftUIExample.app/$(BUNDLE_EXECUTABLE_FOLDER_PATH)/SwiftUIExample";
			};
			name = Release;
		};
		F09697A42A5D770600C7774F /* Debug */ = {
			isa = XCBuildConfiguration;
			buildSettings = {
				ALWAYS_EMBED_SWIFT_STANDARD_LIBRARIES = YES;
				CODE_SIGN_STYLE = Automatic;
				CURRENT_PROJECT_VERSION = 1;
				DEVELOPMENT_TEAM = WBV5N68S3R;
				GENERATE_INFOPLIST_FILE = YES;
				MARKETING_VERSION = 1.0;
				PRODUCT_BUNDLE_IDENTIFIER = papayetoo.SwiftUIExampleUITests;
				PRODUCT_NAME = "$(TARGET_NAME)";
				SWIFT_EMIT_LOC_STRINGS = NO;
				SWIFT_VERSION = 5.0;
				TARGETED_DEVICE_FAMILY = "1,2";
				TEST_TARGET_NAME = SwiftUIExample;
			};
			name = Debug;
		};
		F09697A52A5D770600C7774F /* Release */ = {
			isa = XCBuildConfiguration;
			buildSettings = {
				ALWAYS_EMBED_SWIFT_STANDARD_LIBRARIES = YES;
				CODE_SIGN_STYLE = Automatic;
				CURRENT_PROJECT_VERSION = 1;
				DEVELOPMENT_TEAM = WBV5N68S3R;
				GENERATE_INFOPLIST_FILE = YES;
				MARKETING_VERSION = 1.0;
				PRODUCT_BUNDLE_IDENTIFIER = papayetoo.SwiftUIExampleUITests;
				PRODUCT_NAME = "$(TARGET_NAME)";
				SWIFT_EMIT_LOC_STRINGS = NO;
				SWIFT_VERSION = 5.0;
				TARGETED_DEVICE_FAMILY = "1,2";
				TEST_TARGET_NAME = SwiftUIExample;
			};
			name = Release;
		};
		F0C987FC2A9B64FA0023F22C /* Debug */ = {
			isa = XCBuildConfiguration;
			buildSettings = {
				ASSETCATALOG_COMPILER_GLOBAL_ACCENT_COLOR_NAME = AccentColor;
				ASSETCATALOG_COMPILER_WIDGET_BACKGROUND_COLOR_NAME = WidgetBackground;
				CODE_SIGN_STYLE = Automatic;
				CURRENT_PROJECT_VERSION = 1;
				DEVELOPMENT_TEAM = WBV5N68S3R;
				GENERATE_INFOPLIST_FILE = YES;
				INFOPLIST_FILE = EWidget/Info.plist;
				INFOPLIST_KEY_CFBundleDisplayName = EWidget;
				INFOPLIST_KEY_NSHumanReadableCopyright = "";
				LD_RUNPATH_SEARCH_PATHS = (
					"$(inherited)",
					"@executable_path/Frameworks",
					"@executable_path/../../Frameworks",
				);
				MARKETING_VERSION = 1.0;
				PRODUCT_BUNDLE_IDENTIFIER = papayetoo.SwiftUIExample.EWidget;
				PRODUCT_NAME = "$(TARGET_NAME)";
				SKIP_INSTALL = YES;
				SWIFT_EMIT_LOC_STRINGS = YES;
				SWIFT_VERSION = 5.0;
				TARGETED_DEVICE_FAMILY = "1,2";
			};
			name = Debug;
		};
		F0C987FD2A9B64FA0023F22C /* Release */ = {
			isa = XCBuildConfiguration;
			buildSettings = {
				ASSETCATALOG_COMPILER_GLOBAL_ACCENT_COLOR_NAME = AccentColor;
				ASSETCATALOG_COMPILER_WIDGET_BACKGROUND_COLOR_NAME = WidgetBackground;
				CODE_SIGN_STYLE = Automatic;
				CURRENT_PROJECT_VERSION = 1;
				DEVELOPMENT_TEAM = WBV5N68S3R;
				GENERATE_INFOPLIST_FILE = YES;
				INFOPLIST_FILE = EWidget/Info.plist;
				INFOPLIST_KEY_CFBundleDisplayName = EWidget;
				INFOPLIST_KEY_NSHumanReadableCopyright = "";
				LD_RUNPATH_SEARCH_PATHS = (
					"$(inherited)",
					"@executable_path/Frameworks",
					"@executable_path/../../Frameworks",
				);
				MARKETING_VERSION = 1.0;
				PRODUCT_BUNDLE_IDENTIFIER = papayetoo.SwiftUIExample.EWidget;
				PRODUCT_NAME = "$(TARGET_NAME)";
				SKIP_INSTALL = YES;
				SWIFT_EMIT_LOC_STRINGS = YES;
				SWIFT_VERSION = 5.0;
				TARGETED_DEVICE_FAMILY = "1,2";
			};
			name = Release;
		};
/* End XCBuildConfiguration section */

/* Begin XCConfigurationList section */
		F09697742A5D770400C7774F /* Build configuration list for PBXProject "SwiftUIExample" */ = {
			isa = XCConfigurationList;
			buildConfigurations = (
				F096979B2A5D770600C7774F /* Debug */,
				F096979C2A5D770600C7774F /* Release */,
			);
			defaultConfigurationIsVisible = 0;
			defaultConfigurationName = Release;
		};
		F096979D2A5D770600C7774F /* Build configuration list for PBXNativeTarget "SwiftUIExample" */ = {
			isa = XCConfigurationList;
			buildConfigurations = (
				F096979E2A5D770600C7774F /* Debug */,
				F096979F2A5D770600C7774F /* Release */,
			);
			defaultConfigurationIsVisible = 0;
			defaultConfigurationName = Release;
		};
		F09697A02A5D770600C7774F /* Build configuration list for PBXNativeTarget "SwiftUIExampleTests" */ = {
			isa = XCConfigurationList;
			buildConfigurations = (
				F09697A12A5D770600C7774F /* Debug */,
				F09697A22A5D770600C7774F /* Release */,
			);
			defaultConfigurationIsVisible = 0;
			defaultConfigurationName = Release;
		};
		F09697A32A5D770600C7774F /* Build configuration list for PBXNativeTarget "SwiftUIExampleUITests" */ = {
			isa = XCConfigurationList;
			buildConfigurations = (
				F09697A42A5D770600C7774F /* Debug */,
				F09697A52A5D770600C7774F /* Release */,
			);
			defaultConfigurationIsVisible = 0;
			defaultConfigurationName = Release;
		};
		F0C987FB2A9B64FA0023F22C /* Build configuration list for PBXNativeTarget "EWidgetExtension" */ = {
			isa = XCConfigurationList;
			buildConfigurations = (
				F0C987FC2A9B64FA0023F22C /* Debug */,
				F0C987FD2A9B64FA0023F22C /* Release */,
			);
			defaultConfigurationIsVisible = 0;
			defaultConfigurationName = Release;
		};
/* End XCConfigurationList section */

/* Begin XCRemoteSwiftPackageReference section */
		F09697AA2A5D7C5900C7774F /* XCRemoteSwiftPackageReference "SDWebImageSwiftUI" */ = {
			isa = XCRemoteSwiftPackageReference;
			repositoryURL = "https://github.com/SDWebImage/SDWebImageSwiftUI";
			requirement = {
				kind = upToNextMajorVersion;
				minimumVersion = 2.0.0;
			};
		};
/* End XCRemoteSwiftPackageReference section */

/* Begin XCSwiftPackageProductDependency section */
		F09697AB2A5D7C5A00C7774F /* SDWebImageSwiftUI */ = {
			isa = XCSwiftPackageProductDependency;
			package = F09697AA2A5D7C5900C7774F /* XCRemoteSwiftPackageReference "SDWebImageSwiftUI" */;
			productName = SDWebImageSwiftUI;
		};
/* End XCSwiftPackageProductDependency section */
	};
	rootObject = F09697712A5D770400C7774F /* Project object */;
}
